
Microsoft Visual Studio Solution File, Format Version 12.00
# Visual Studio Version 16
VisualStudioVersion = 16.0.31702.278
MinimumVisualStudioVersion = 10.0.40219.1
Project("{FAE04EC0-301F-11D3-BF4B-00C04F79EFBC}") = "BuildiMaterial", "BuildiMaterial\BuildiMaterial.csproj", "{36E99FFD-9BC3-49F7-AD10-9DD61162B23B}"
EndProject
Global
	GlobalSection(SolutionConfigurationPlatforms) = preSolution
		Debug|Any CPU = Debug|Any CPU
		Release|Any CPU = Release|Any CPU
	EndGlobalSection
	GlobalSection(ProjectConfigurationPlatforms) = postSolution
		{36E99FFD-9BC3-49F7-AD10-9DD61162B23B}.Debug|Any CPU.ActiveCfg = Debug|Any CPU
		{36E99FFD-9BC3-49F7-AD10-9DD61162B23B}.Debug|Any CPU.Build.0 = Debug|Any CPU
		{36E99FFD-9BC3-49F7-AD10-9DD61162B23B}.Release|Any CPU.ActiveCfg = Release|Any CPU
		{36E99FFD-9BC3-49F7-AD10-9DD61162B23B}.Release|Any CPU.Build.0 = Release|Any CPU
	EndGlobalSection
	GlobalSection(SolutionProperties) = preSolution
		HideSolutionNode = FALSE
	EndGlobalSection
	GlobalSection(ExtensibilityGlobals) = postSolution
		SolutionGuid = {A5A46E11-E69D-417A-9968-8C264A9BFC9F}
	EndGlobalSection
EndGlobal
